
Microsoft Visual Studio Solution File, Format Version 12.00
# Visual Studio Version 17
VisualStudioVersion = 17.7.34003.232
MinimumVisualStudioVersion = 10.0.40219.1
Project("{FAE04EC0-301F-11D3-BF4B-00C04F79EFBC}") = "Type Fundamentals", "Type Fundamentals\Type Fundamentals.csproj", "{647BE2EE-9160-4EBB-81A7-A579EE3E480A}"
EndProject
Global
	GlobalSection(SolutionConfigurationPlatforms) = preSolution
		Debug|Any CPU = Debug|Any CPU
		Release|Any CPU = Release|Any CPU
	EndGlobalSection
	GlobalSection(ProjectConfigurationPlatforms) = postSolution
		{647BE2EE-9160-4EBB-81A7-A579EE3E480A}.Debug|Any CPU.ActiveCfg = Debug|Any CPU
		{647BE2EE-9160-4EBB-81A7-A579EE3E480A}.Debug|Any CPU.Build.0 = Debug|Any CPU
		{647BE2EE-9160-4EBB-81A7-A579EE3E480A}.Release|Any CPU.ActiveCfg = Release|Any CPU
		{647BE2EE-9160-4EBB-81A7-A579EE3E480A}.Release|Any CPU.Build.0 = Release|Any CPU
	EndGlobalSection
	GlobalSection(SolutionProperties) = preSolution
		HideSolutionNode = FALSE
	EndGlobalSection
	GlobalSection(ExtensibilityGlobals) = postSolution
		SolutionGuid = {A4319C2A-89CB-4DBF-9ACC-F3ACA9CFBC8C}
	EndGlobalSection
EndGlobal
